
Microsoft Visual Studio Solution File, Format Version 12.00
# Visual Studio Version 17
VisualStudioVersion = 17.9.34622.214
MinimumVisualStudioVersion = 10.0.40219.1
Project("{FAE04EC0-301F-11D3-BF4B-00C04F79EFBC}") = "Sort_Utest", "Sort_Utest.csproj", "{A8661722-A568-40C1-8185-F9FAC71DD8BF}"
EndProject
Project("{FAE04EC0-301F-11D3-BF4B-00C04F79EFBC}") = "Sort_UtestTests", "..\Sort_UtestTests\Sort_UtestTests.csproj", "{B9450D0F-5D7D-4646-8C74-4273D9207D5B}"
EndProject
Global
	GlobalSection(SolutionConfigurationPlatforms) = preSolution
		Debug|Any CPU = Debug|Any CPU
		Release|Any CPU = Release|Any CPU
	EndGlobalSection
	GlobalSection(ProjectConfigurationPlatforms) = postSolution
		{A8661722-A568-40C1-8185-F9FAC71DD8BF}.Debug|Any CPU.ActiveCfg = Debug|Any CPU
		{A8661722-A568-40C1-8185-F9FAC71DD8BF}.Debug|Any CPU.Build.0 = Debug|Any CPU
		{A8661722-A568-40C1-8185-F9FAC71DD8BF}.Release|Any CPU.ActiveCfg = Release|Any CPU
		{A8661722-A568-40C1-8185-F9FAC71DD8BF}.Release|Any CPU.Build.0 = Release|Any CPU
		{B9450D0F-5D7D-4646-8C74-4273D9207D5B}.Debug|Any CPU.ActiveCfg = Debug|Any CPU
		{B9450D0F-5D7D-4646-8C74-4273D9207D5B}.Debug|Any CPU.Build.0 = Debug|Any CPU
		{B9450D0F-5D7D-4646-8C74-4273D9207D5B}.Release|Any CPU.ActiveCfg = Release|Any CPU
		{B9450D0F-5D7D-4646-8C74-4273D9207D5B}.Release|Any CPU.Build.0 = Release|Any CPU
	EndGlobalSection
	GlobalSection(SolutionProperties) = preSolution
		HideSolutionNode = FALSE
	EndGlobalSection
	GlobalSection(ExtensibilityGlobals) = postSolution
		SolutionGuid = {D886B101-8FDE-492D-BC0B-94F9040D4A08}
	EndGlobalSection
EndGlobal
